<?xml version="1.0" encoding="utf-8"?>
<Project ToolsVersion="4.0" xmlns="http://schemas.microsoft.com/developer/msbuild/2003">
  <ItemGroup>
    <Filter Include="src">
      <UniqueIdentifier>{4FC737F1-C7A5-4376-A066-2A32D752A2FF}</UniqueIdentifier>
      <Extensions>cpp;c;cc;cxx;c++;cppm;ixx;def;odl;idl;hpj;bat;asm;asmx</Extensions>
    </Filter>
    <Filter Include="src\states">
      <UniqueIdentifier>{7c353f79-b261-401a-8e82-a408c9bcc8ec}</UniqueIdentifier>
    </Filter>
    <Filter Include="content">
      <UniqueIdentifier>{f758629d-52de-448a-89f2-0361a52cf959}</UniqueIdentifier>
    </Filter>
  </ItemGroup>
  <ItemGroup>
    <ClCompile Include="..\src\data.cpp">
      <Filter>src</Filter>
    </ClCompile>
    <ClCompile Include="..\src\main.cpp">
      <Filter>src</Filter>
    </ClCompile>
    <ClCompile Include="..\src\map.cpp">
      <Filter>src</Filter>
    </ClCompile>
    <ClCompile Include="..\src\resource.cpp">
      <Filter>src</Filter>
    </ClCompile>
    <ClCompile Include="..\src\state.cpp">
      <Filter>src</Filter>
    </ClCompile>
    <ClCompile Include="..\src\game.cpp">
      <Filter>src</Filter>
    </ClCompile>
  </ItemGroup>
  <ItemGroup>
    <ClInclude Include="..\src\data.hpp">
      <Filter>src</Filter>
    </ClInclude>
    <ClInclude Include="..\src\entity.hpp">
      <Filter>src</Filter>
    </ClInclude>
    <ClInclude Include="..\src\map.hpp">
      <Filter>src</Filter>
    </ClInclude>
    <ClInclude Include="..\src\resource.hpp">
      <Filter>src</Filter>
    </ClInclude>
    <ClInclude Include="..\src\state.hpp">
      <Filter>src</Filter>
    </ClInclude>
    <ClInclude Include="..\src\ui.hpp">
      <Filter>src</Filter>
    </ClInclude>
    <ClInclude Include="..\src\utilities.hpp">
      <Filter>src</Filter>
    </ClInclude>
    <ClInclude Include="..\src\states\end.hpp">
      <Filter>src\states</Filter>
    </ClInclude>
    <ClInclude Include="..\src\states\game.hpp">
      <Filter>src\states</Filter>
    </ClInclude>
    <ClInclude Include="..\src\states\menu.hpp">
      <Filter>src\states</Filter>
    </ClInclude>
    <ClInclude Include="..\src\states\pause.hpp">
      <Filter>src\states</Filter>
    </ClInclude>
    <ClInclude Include="..\src\states\settings.hpp">
      <Filter>src\states</Filter>
    </ClInclude>
  </ItemGroup>
  <ItemGroup>
    <CopyFileToFolders Include="..\content\settings.json">
      <Filter>content</Filter>
    </CopyFileToFolders>
  </ItemGroup>
</Project>